dependencies:
- name: kube-prometheus-stack
  repository: https://prometheus-community.github.io/helm-charts
  version: 82.18.0
- name: loki
  repository: https://grafana-community.github.io/helm-charts
  version: 6.57.0
- name: fluent-bit
  repository: https://fluent.github.io/helm-charts
  version: 0.57.6
- name: tempo
  repository: https://grafana-community.github.io/helm-charts
  version: 2.2.0
digest: sha256:e108b63e373ee0313efa9bd15dfcda44c58e920dd1aa7b63dd115a1a5e302127
generated: "2026-05-26T19:52:06.303529087Z"
