dependencies:
- name: kube-prometheus-stack
  repository: https://prometheus-community.github.io/helm-charts
  version: 82.18.0
- name: loki
  repository: https://grafana-community.github.io/helm-charts
  version: 6.57.0
- name: fluent-bit
  repository: https://fluent.github.io/helm-charts
  version: 0.57.5
- name: tempo
  repository: https://grafana-community.github.io/helm-charts
  version: 2.1.2
digest: sha256:1f8f56fc6b8be2820108dfa107fed2eb280000197b3f12397fef30a43bfb0dc4
generated: "2026-05-21T09:11:18.714298559Z"
