dependencies:
- name: argo-cd
  repository: https://argoproj.github.io/argo-helm
  version: 9.4.10
- name: argocd-image-updater
  repository: https://argoproj.github.io/argo-helm
  version: 1.1.1
digest: sha256:6427f24aa9991cf084359f05cc2341ad13250bd8553c6286eac033ee90ed6de6
generated: "2026-03-26T18:23:33.980542+01:00"
