dependencies:
- name: argo-cd
  repository: https://argoproj.github.io/argo-helm
  version: 9.5.15
- name: argocd-image-updater
  repository: https://argoproj.github.io/argo-helm
  version: 1.2.2
digest: sha256:df1580550c97ed5cabc92c90b33ddd234cacbbed2be61c02fa774f6056ea7d7e
generated: "2026-05-22T14:51:48.97327714Z"
