dependencies:
- name: gha-runner-scale-set-controller
  repository: oci://ghcr.io/actions/actions-runner-controller-charts
  version: 0.14.0
- name: gha-runner-scale-set
  repository: oci://ghcr.io/actions/actions-runner-controller-charts
  version: 0.14.0
digest: sha256:aaeede6fa3acf9c9e3c26e04e1d1a7ddcb3365d3439ac0c9832c7217b7006c42
generated: "2026-03-23T20:36:58.510929+01:00"
