dependencies:
- name: gha-runner-scale-set-controller
  repository: oci://ghcr.io/actions/actions-runner-controller-charts
  version: 0.14.1
- name: gha-runner-scale-set
  repository: oci://ghcr.io/actions/actions-runner-controller-charts
  version: 0.14.1
digest: sha256:7b44e2fc38426f0904034fe579c8ef11282dbaf1010a65df51918ffdea08fb42
generated: "2026-05-19T09:52:13.240681278Z"
